
Microsoft Visual Studio Solution File, Format Version 12.00
# Visual Studio Version 17
VisualStudioVersion = 17.6.33712.159
MinimumVisualStudioVersion = 10.0.40219.1
Project("{FAE04EC0-301F-11D3-BF4B-00C04F79EFBC}") = "WebAula", "WebAula\WebAula.csproj", "{291F2544-3CB6-43C1-AA2B-302B10AA8344}"
EndProject
Global
	GlobalSection(SolutionConfigurationPlatforms) = preSolution
		Debug|Any CPU = Debug|Any CPU
		Release|Any CPU = Release|Any CPU
	EndGlobalSection
	GlobalSection(ProjectConfigurationPlatforms) = postSolution
		{291F2544-3CB6-43C1-AA2B-302B10AA8344}.Debug|Any CPU.ActiveCfg = Debug|Any CPU
		{291F2544-3CB6-43C1-AA2B-302B10AA8344}.Debug|Any CPU.Build.0 = Debug|Any CPU
		{291F2544-3CB6-43C1-AA2B-302B10AA8344}.Release|Any CPU.ActiveCfg = Release|Any CPU
		{291F2544-3CB6-43C1-AA2B-302B10AA8344}.Release|Any CPU.Build.0 = Release|Any CPU
	EndGlobalSection
	GlobalSection(SolutionProperties) = preSolution
		HideSolutionNode = FALSE
	EndGlobalSection
	GlobalSection(ExtensibilityGlobals) = postSolution
		SolutionGuid = {6E2DE8DD-FA67-4BAF-8A0E-4BF400D6E389}
	EndGlobalSection
EndGlobal
